// !$*UTF8*$!
{
	archiveVersion = 1;
	classes = {
	};
	objectVersion = 46;
	objects = {

/* Begin PBXBuildFile section */
		FF0DED981C998B1200B8FE77 /* UIState.swift in Sources */ = {isa = PBXBuildFile; fileRef = FF0DED971C998B1200B8FE77 /* UIState.swift */; };
		FF0DED9C1C9A4F0C00B8FE77 /* Router.swift in Sources */ = {isa = PBXBuildFile; fileRef = FF0DED9B1C9A4F0C00B8FE77 /* Router.swift */; };
		FF33831F1C990BB300D73743 /* IssuesViewController.swift in Sources */ = {isa = PBXBuildFile; fileRef = FF33831E1C990BB300D73743 /* IssuesViewController.swift */; };
		FFA390631C9C1935000A0CA4 /* MilestonesViewController.swift in Sources */ = {isa = PBXBuildFile; fileRef = FFA390621C9C1935000A0CA4 /* MilestonesViewController.swift */; };
		FFA390651C9C1969000A0CA4 /* LabelsViewController.swift in Sources */ = {isa = PBXBuildFile; fileRef = FFA390641C9C1969000A0CA4 /* LabelsViewController.swift */; };
		FFA390671C9C1A73000A0CA4 /* IssuesViewModel.swift in Sources */ = {isa = PBXBuildFile; fileRef = FFA390661C9C1A73000A0CA4 /* IssuesViewModel.swift */; };
		FFA390691C9C2527000A0CA4 /* FooterCellView.swift in Sources */ = {isa = PBXBuildFile; fileRef = FFA390681C9C2527000A0CA4 /* FooterCellView.swift */; };
		FFA3906C1C9C254F000A0CA4 /* FooterCellView.xib in Resources */ = {isa = PBXBuildFile; fileRef = FFA3906B1C9C254F000A0CA4 /* FooterCellView.xib */; };
		FFA390721C9D0DE5000A0CA4 /* IssueObject.swift in Sources */ = {isa = PBXBuildFile; fileRef = FFA390711C9D0DE5000A0CA4 /* IssueObject.swift */; };
		FFA390741C9D0E07000A0CA4 /* RealmSwift.framework in Frameworks */ = {isa = PBXBuildFile; fileRef = FFA390731C9D0E07000A0CA4 /* RealmSwift.framework */; };
		FFA390761C9D0E11000A0CA4 /* Realm.framework in Frameworks */ = {isa = PBXBuildFile; fileRef = FFA390751C9D0E11000A0CA4 /* Realm.framework */; };
		FFA390781C9D0F73000A0CA4 /* RealmCommon.swift in Sources */ = {isa = PBXBuildFile; fileRef = FFA390771C9D0F73000A0CA4 /* RealmCommon.swift */; };
		FFA3907A1C9D0FE0000A0CA4 /* LabelObject.swift in Sources */ = {isa = PBXBuildFile; fileRef = FFA390791C9D0FE0000A0CA4 /* LabelObject.swift */; };
		FFA3907C1C9D1018000A0CA4 /* MilestoneObject.swift in Sources */ = {isa = PBXBuildFile; fileRef = FFA3907B1C9D1018000A0CA4 /* MilestoneObject.swift */; };
		FFA390881CA263CE000A0CA4 /* IssueRepository.swift in Sources */ = {isa = PBXBuildFile; fileRef = FFA390871CA263CE000A0CA4 /* IssueRepository.swift */; };
		FFA3908A1CA26505000A0CA4 /* LabelRepository.swift in Sources */ = {isa = PBXBuildFile; fileRef = FFA390891CA26505000A0CA4 /* LabelRepository.swift */; };
		FFA3908C1CA26556000A0CA4 /* MilestoneRepository.swift in Sources */ = {isa = PBXBuildFile; fileRef = FFA3908B1CA26556000A0CA4 /* MilestoneRepository.swift */; };
		FFE38D741C9302070045F8D1 /* AppDelegate.swift in Sources */ = {isa = PBXBuildFile; fileRef = FFE38D731C9302070045F8D1 /* AppDelegate.swift */; };
		FFE38D791C9302070045F8D1 /* Main.storyboard in Resources */ = {isa = PBXBuildFile; fileRef = FFE38D771C9302070045F8D1 /* Main.storyboard */; };
		FFE38D7B1C9302070045F8D1 /* Assets.xcassets in Resources */ = {isa = PBXBuildFile; fileRef = FFE38D7A1C9302070045F8D1 /* Assets.xcassets */; };
		FFE38D7E1C9302070045F8D1 /* LaunchScreen.storyboard in Resources */ = {isa = PBXBuildFile; fileRef = FFE38D7C1C9302070045F8D1 /* LaunchScreen.storyboard */; };
		FFE38D891C9302070045F8D1 /* TODOTests.swift in Sources */ = {isa = PBXBuildFile; fileRef = FFE38D881C9302070045F8D1 /* TODOTests.swift */; };
		FFE38D941C9302070045F8D1 /* TODOUITests.swift in Sources */ = {isa = PBXBuildFile; fileRef = FFE38D931C9302070045F8D1 /* TODOUITests.swift */; };
		FFE38DA61C9305570045F8D1 /* RxCocoa.framework in Frameworks */ = {isa = PBXBuildFile; fileRef = FFE38DA21C9305450045F8D1 /* RxCocoa.framework */; };
		FFE38DA81C93075B0045F8D1 /* RxSwift.framework in Frameworks */ = {isa = PBXBuildFile; fileRef = FFE38DA71C93075B0045F8D1 /* RxSwift.framework */; };
		FFE38DAC1C9308D80045F8D1 /* Common.swift in Sources */ = {isa = PBXBuildFile; fileRef = FFE38DAB1C9308D70045F8D1 /* Common.swift */; };
		FFE38DB31C9312300045F8D1 /* Aliases.swift in Sources */ = {isa = PBXBuildFile; fileRef = FFE38DB21C9312300045F8D1 /* Aliases.swift */; };
		FFF8606D1C96BF1F00C16794 /* UIUtils.swift in Sources */ = {isa = PBXBuildFile; fileRef = FFF8606C1C96BF1F00C16794 /* UIUtils.swift */; };
		FFF860701C96C21900C16794 /* BaseViewController.swift in Sources */ = {isa = PBXBuildFile; fileRef = FFF8606F1C96C21900C16794 /* BaseViewController.swift */; };
		FFF860751C96D7FE00C16794 /* Label.swift in Sources */ = {isa = PBXBuildFile; fileRef = FFF860741C96D7FE00C16794 /* Label.swift */; };
		FFF860771C96D9EF00C16794 /* Milestone.swift in Sources */ = {isa = PBXBuildFile; fileRef = FFF860761C96D9EF00C16794 /* Milestone.swift */; };
		FFF860791C96DEEA00C16794 /* Issue.swift in Sources */ = {isa = PBXBuildFile; fileRef = FFF860781C96DEEA00C16794 /* Issue.swift */; };
		FFF8607E1C97B06300C16794 /* IssueCellView.xib in Resources */ = {isa = PBXBuildFile; fileRef = FFF8607D1C97B06300C16794 /* IssueCellView.xib */; };
		FFF860801C97B68600C16794 /* IssueCellView.swift in Sources */ = {isa = PBXBuildFile; fileRef = FFF8607F1C97B68600C16794 /* IssueCellView.swift */; };
		FFF860841C97B95F00C16794 /* LabelCellView.swift in Sources */ = {isa = PBXBuildFile; fileRef = FFF860821C97B95F00C16794 /* LabelCellView.swift */; };
		FFF860851C97B95F00C16794 /* LabelCellView.xib in Resources */ = {isa = PBXBuildFile; fileRef = FFF860831C97B95F00C16794 /* LabelCellView.xib */; };
/* End PBXBuildFile section */

/* Begin PBXContainerItemProxy section */
		FFE38D851C9302070045F8D1 /* PBXContainerItemProxy */ = {
			isa = PBXContainerItemProxy;
			containerPortal = FFE38D681C9302070045F8D1 /* Project object */;
			proxyType = 1;
			remoteGlobalIDString = FFE38D6F1C9302070045F8D1;
			remoteInfo = TODO;
		};
		FFE38D901C9302070045F8D1 /* PBXContainerItemProxy */ = {
			isa = PBXContainerItemProxy;
			containerPortal = FFE38D681C9302070045F8D1 /* Project object */;
			proxyType = 1;
			remoteGlobalIDString = FFE38D6F1C9302070045F8D1;
			remoteInfo = TODO;
		};
/* End PBXContainerItemProxy section */

/* Begin PBXFileReference section */
		FF0DED971C998B1200B8FE77 /* UIState.swift */ = {isa = PBXFileReference; fileEncoding = 4; lastKnownFileType = sourcecode.swift; path = UIState.swift; sourceTree = "<group>"; };
		FF0DED9B1C9A4F0C00B8FE77 /* Router.swift */ = {isa = PBXFileReference; fileEncoding = 4; lastKnownFileType = sourcecode.swift; path = Router.swift; sourceTree = "<group>"; };
		FF33831E1C990BB300D73743 /* IssuesViewController.swift */ = {isa = PBXFileReference; fileEncoding = 4; lastKnownFileType = sourcecode.swift; path = IssuesViewController.swift; sourceTree = "<group>"; };
		FFA390621C9C1935000A0CA4 /* MilestonesViewController.swift */ = {isa = PBXFileReference; fileEncoding = 4; lastKnownFileType = sourcecode.swift; path = MilestonesViewController.swift; sourceTree = "<group>"; };
		FFA390641C9C1969000A0CA4 /* LabelsViewController.swift */ = {isa = PBXFileReference; fileEncoding = 4; lastKnownFileType = sourcecode.swift; path = LabelsViewController.swift; sourceTree = "<group>"; };
		FFA390661C9C1A73000A0CA4 /* IssuesViewModel.swift */ = {isa = PBXFileReference; fileEncoding = 4; lastKnownFileType = sourcecode.swift; path = IssuesViewModel.swift; sourceTree = "<group>"; };
		FFA390681C9C2527000A0CA4 /* FooterCellView.swift */ = {isa = PBXFileReference; fileEncoding = 4; lastKnownFileType = sourcecode.swift; path = FooterCellView.swift; sourceTree = "<group>"; };
		FFA3906B1C9C254F000A0CA4 /* FooterCellView.xib */ = {isa = PBXFileReference; fileEncoding = 4; lastKnownFileType = file.xib; path = FooterCellView.xib; sourceTree = "<group>"; };
		FFA3906D1C9D07E0000A0CA4 /* Cartfile */ = {isa = PBXFileReference; fileEncoding = 4; lastKnownFileType = text; path = Cartfile; sourceTree = "<group>"; };
		FFA390711C9D0DE5000A0CA4 /* IssueObject.swift */ = {isa = PBXFileReference; fileEncoding = 4; lastKnownFileType = sourcecode.swift; path = IssueObject.swift; sourceTree = "<group>"; };
		FFA390731C9D0E07000A0CA4 /* RealmSwift.framework */ = {isa = PBXFileReference; lastKnownFileType = wrapper.framework; name = RealmSwift.framework; path = Carthage/Build/iOS/RealmSwift.framework; sourceTree = "<group>"; };
		FFA390751C9D0E11000A0CA4 /* Realm.framework */ = {isa = PBXFileReference; lastKnownFileType = wrapper.framework; name = Realm.framework; path = Carthage/Build/iOS/Realm.framework; sourceTree = "<group>"; };
		FFA390771C9D0F73000A0CA4 /* RealmCommon.swift */ = {isa = PBXFileReference; fileEncoding = 4; lastKnownFileType = sourcecode.swift; path = RealmCommon.swift; sourceTree = "<group>"; };
		FFA390791C9D0FE0000A0CA4 /* LabelObject.swift */ = {isa = PBXFileReference; fileEncoding = 4; lastKnownFileType = sourcecode.swift; path = LabelObject.swift; sourceTree = "<group>"; };
		FFA3907B1C9D1018000A0CA4 /* MilestoneObject.swift */ = {isa = PBXFileReference; fileEncoding = 4; lastKnownFileType = sourcecode.swift; path = MilestoneObject.swift; sourceTree = "<group>"; };
		FFA390871CA263CE000A0CA4 /* IssueRepository.swift */ = {isa = PBXFileReference; fileEncoding = 4; lastKnownFileType = sourcecode.swift; path = IssueRepository.swift; sourceTree = "<group>"; };
		FFA390891CA26505000A0CA4 /* LabelRepository.swift */ = {isa = PBXFileReference; fileEncoding = 4; lastKnownFileType = sourcecode.swift; path = LabelRepository.swift; sourceTree = "<group>"; };
		FFA3908B1CA26556000A0CA4 /* MilestoneRepository.swift */ = {isa = PBXFileReference; fileEncoding = 4; lastKnownFileType = sourcecode.swift; path = MilestoneRepository.swift; sourceTree = "<group>"; };
		FFE38D701C9302070045F8D1 /* TODO.app */ = {isa = PBXFileReference; explicitFileType = wrapper.application; includeInIndex = 0; path = TODO.app; sourceTree = BUILT_PRODUCTS_DIR; };
		FFE38D731C9302070045F8D1 /* AppDelegate.swift */ = {isa = PBXFileReference; lastKnownFileType = sourcecode.swift; path = AppDelegate.swift; sourceTree = "<group>"; };
		FFE38D781C9302070045F8D1 /* Base */ = {isa = PBXFileReference; lastKnownFileType = file.storyboard; name = Base; path = Base.lproj/Main.storyboard; sourceTree = "<group>"; };
		FFE38D7A1C9302070045F8D1 /* Assets.xcassets */ = {isa = PBXFileReference; lastKnownFileType = folder.assetcatalog; path = Assets.xcassets; sourceTree = "<group>"; };
		FFE38D7D1C9302070045F8D1 /* Base */ = {isa = PBXFileReference; lastKnownFileType = file.storyboard; name = Base; path = Base.lproj/LaunchScreen.storyboard; sourceTree = "<group>"; };
		FFE38D7F1C9302070045F8D1 /* Info.plist */ = {isa = PBXFileReference; lastKnownFileType = text.plist.xml; path = Info.plist; sourceTree = "<group>"; };
		FFE38D841C9302070045F8D1 /* TODOTests.xctest */ = {isa = PBXFileReference; explicitFileType = wrapper.cfbundle; includeInIndex = 0; path = TODOTests.xctest; sourceTree = BUILT_PRODUCTS_DIR; };
		FFE38D881C9302070045F8D1 /* TODOTests.swift */ = {isa = PBXFileReference; lastKnownFileType = sourcecode.swift; path = TODOTests.swift; sourceTree = "<group>"; };
		FFE38D8A1C9302070045F8D1 /* Info.plist */ = {isa = PBXFileReference; lastKnownFileType = text.plist.xml; path = Info.plist; sourceTree = "<group>"; };
		FFE38D8F1C9302070045F8D1 /* TODOUITests.xctest */ = {isa = PBXFileReference; explicitFileType = wrapper.cfbundle; includeInIndex = 0; path = TODOUITests.xctest; sourceTree = BUILT_PRODUCTS_DIR; };
		FFE38D931C9302070045F8D1 /* TODOUITests.swift */ = {isa = PBXFileReference; lastKnownFileType = sourcecode.swift; path = TODOUITests.swift; sourceTree = "<group>"; };
		FFE38D951C9302070045F8D1 /* Info.plist */ = {isa = PBXFileReference; lastKnownFileType = text.plist.xml; path = Info.plist; sourceTree = "<group>"; };
		FFE38DA21C9305450045F8D1 /* RxCocoa.framework */ = {isa = PBXFileReference; lastKnownFileType = wrapper.framework; name = RxCocoa.framework; path = Carthage/Build/iOS/RxCocoa.framework; sourceTree = "<group>"; };
		FFE38DA71C93075B0045F8D1 /* RxSwift.framework */ = {isa = PBXFileReference; lastKnownFileType = wrapper.framework; name = RxSwift.framework; path = Carthage/Build/iOS/RxSwift.framework; sourceTree = "<group>"; };
		FFE38DAB1C9308D70045F8D1 /* Common.swift */ = {isa = PBXFileReference; fileEncoding = 4; lastKnownFileType = sourcecode.swift; path = Common.swift; sourceTree = "<group>"; };
		FFE38DB21C9312300045F8D1 /* Aliases.swift */ = {isa = PBXFileReference; fileEncoding = 4; lastKnownFileType = sourcecode.swift; path = Aliases.swift; sourceTree = "<group>"; };
		FFF8606C1C96BF1F00C16794 /* UIUtils.swift */ = {isa = PBXFileReference; fileEncoding = 4; lastKnownFileType = sourcecode.swift; path = UIUtils.swift; sourceTree = "<group>"; };
		FFF8606F1C96C21900C16794 /* BaseViewController.swift */ = {isa = PBXFileReference; fileEncoding = 4; lastKnownFileType = sourcecode.swift; path = BaseViewController.swift; sourceTree = "<group>"; };
		FFF860711C96CF4500C16794 /* LICENSE */ = {isa = PBXFileReference; lastKnownFileType = text; path = LICENSE; sourceTree = "<group>"; };
		FFF860721C96D40300C16794 /* README.md */ = {isa = PBXFileReference; fileEncoding = 4; lastKnownFileType = net.daringfireball.markdown; path = README.md; sourceTree = "<group>"; };
		FFF860741C96D7FE00C16794 /* Label.swift */ = {isa = PBXFileReference; fileEncoding = 4; lastKnownFileType = sourcecode.swift; path = Label.swift; sourceTree = "<group>"; };
		FFF860761C96D9EF00C16794 /* Milestone.swift */ = {isa = PBXFileReference; fileEncoding = 4; lastKnownFileType = sourcecode.swift; path = Milestone.swift; sourceTree = "<group>"; };
		FFF860781C96DEEA00C16794 /* Issue.swift */ = {isa = PBXFileReference; fileEncoding = 4; lastKnownFileType = sourcecode.swift; path = Issue.swift; sourceTree = "<group>"; };
		FFF8607D1C97B06300C16794 /* IssueCellView.xib */ = {isa = PBXFileReference; fileEncoding = 4; lastKnownFileType = file.xib; path = IssueCellView.xib; sourceTree = "<group>"; };
		FFF8607F1C97B68600C16794 /* IssueCellView.swift */ = {isa = PBXFileReference; fileEncoding = 4; lastKnownFileType = sourcecode.swift; path = IssueCellView.swift; sourceTree = "<group>"; };
		FFF860821C97B95F00C16794 /* LabelCellView.swift */ = {isa = PBXFileReference; fileEncoding = 4; lastKnownFileType = sourcecode.swift; path = LabelCellView.swift; sourceTree = "<group>"; };
		FFF860831C97B95F00C16794 /* LabelCellView.xib */ = {isa = PBXFileReference; fileEncoding = 4; lastKnownFileType = file.xib; path = LabelCellView.xib; sourceTree = "<group>"; };
/* End PBXFileReference section */

/* Begin PBXFrameworksBuildPhase section */
		FFE38D6D1C9302070045F8D1 /* Frameworks */ = {
			isa = PBXFrameworksBuildPhase;
			buildActionMask = 2147483647;
			files = (
				FFA390761C9D0E11000A0CA4 /* Realm.framework in Frameworks */,
				FFA390741C9D0E07000A0CA4 /* RealmSwift.framework in Frameworks */,
				FFE38DA81C93075B0045F8D1 /* RxSwift.framework in Frameworks */,
				FFE38DA61C9305570045F8D1 /* RxCocoa.framework in Frameworks */,
			);
			runOnlyForDeploymentPostprocessing = 0;
		};
		FFE38D811C9302070045F8D1 /* Frameworks */ = {
			isa = PBXFrameworksBuildPhase;
			buildActionMask = 2147483647;
			files = (
			);
			runOnlyForDeploymentPostprocessing = 0;
		};
		FFE38D8C1C9302070045F8D1 /* Frameworks */ = {
			isa = PBXFrameworksBuildPhase;
			buildActionMask = 2147483647;
			files = (
			);
			runOnlyForDeploymentPostprocessing = 0;
		};
/* End PBXFrameworksBuildPhase section */

/* Begin PBXGroup section */
		FF33831D1C990BA600D73743 /* Issues */ = {
			isa = PBXGroup;
			children = (
				FFF8607F1C97B68600C16794 /* IssueCellView.swift */,
				FFF8607D1C97B06300C16794 /* IssueCellView.xib */,
				FF33831E1C990BB300D73743 /* IssuesViewController.swift */,
				FFA390661C9C1A73000A0CA4 /* IssuesViewModel.swift */,
			);
			path = Issues;
			sourceTree = "<group>";
		};
		FFA3905F1C9C111D000A0CA4 /* Milestones */ = {
			isa = PBXGroup;
			children = (
				FFA390621C9C1935000A0CA4 /* MilestonesViewController.swift */,
			);
			path = Milestones;
			sourceTree = "<group>";
		};
		FFA390601C9C1133000A0CA4 /* Labels */ = {
			isa = PBXGroup;
			children = (
				FFF860821C97B95F00C16794 /* LabelCellView.swift */,
				FFF860831C97B95F00C16794 /* LabelCellView.xib */,
				FFA390641C9C1969000A0CA4 /* LabelsViewController.swift */,
			);
			path = Labels;
			sourceTree = "<group>";
		};
		FFA3906A1C9C252D000A0CA4 /* Shared */ = {
			isa = PBXGroup;
			children = (
				FFA390681C9C2527000A0CA4 /* FooterCellView.swift */,
				FFA3906B1C9C254F000A0CA4 /* FooterCellView.xib */,
			);
			path = Shared;
			sourceTree = "<group>";
		};
		FFA3906F1C9D0D10000A0CA4 /* Realm */ = {
			isa = PBXGroup;
			children = (
				FFA390701C9D0DC4000A0CA4 /* Objects */,
				FFA390771C9D0F73000A0CA4 /* RealmCommon.swift */,
			);
			path = Realm;
			sourceTree = "<group>";
		};
		FFA390701C9D0DC4000A0CA4 /* Objects */ = {
			isa = PBXGroup;
			children = (
				FFA390711C9D0DE5000A0CA4 /* IssueObject.swift */,
				FFA390791C9D0FE0000A0CA4 /* LabelObject.swift */,
				FFA3907B1C9D1018000A0CA4 /* MilestoneObject.swift */,
			);
			path = Objects;
			sourceTree = "<group>";
		};
		FFA390861CA263C1000A0CA4 /* Repository */ = {
			isa = PBXGroup;
			children = (
				FFA390871CA263CE000A0CA4 /* IssueRepository.swift */,
				FFA390891CA26505000A0CA4 /* LabelRepository.swift */,
				FFA3908B1CA26556000A0CA4 /* MilestoneRepository.swift */,
			);
			path = Repository;
			sourceTree = "<group>";
		};
		FFE38D671C9302070045F8D1 = {
			isa = PBXGroup;
			children = (
				FFE38D711C9302070045F8D1 /* Products */,
				FFE38D721C9302070045F8D1 /* TODO */,
				FFE38D871C9302070045F8D1 /* TODOTests */,
				FFE38D921C9302070045F8D1 /* TODOUITests */,
				FFA3906D1C9D07E0000A0CA4 /* Cartfile */,
				FFF860711C96CF4500C16794 /* LICENSE */,
				FFF860721C96D40300C16794 /* README.md */,
				FFA390751C9D0E11000A0CA4 /* Realm.framework */,
				FFA390731C9D0E07000A0CA4 /* RealmSwift.framework */,
				FFE38DA21C9305450045F8D1 /* RxCocoa.framework */,
				FFE38DA71C93075B0045F8D1 /* RxSwift.framework */,
			);
			sourceTree = "<group>";
		};
		FFE38D711C9302070045F8D1 /* Products */ = {
			isa = PBXGroup;
			children = (
				FFE38D701C9302070045F8D1 /* TODO.app */,
				FFE38D841C9302070045F8D1 /* TODOTests.xctest */,
				FFE38D8F1C9302070045F8D1 /* TODOUITests.xctest */,
			);
			name = Products;
			sourceTree = "<group>";
		};
		FFE38D721C9302070045F8D1 /* TODO */ = {
			isa = PBXGroup;
			children = (
				FFE38DA91C9307C00045F8D1 /* Application */,
				FFE38DAA1C93089C0045F8D1 /* Domain */,
				FFA3906F1C9D0D10000A0CA4 /* Realm */,
				FFE38DB41C9698D00045F8D1 /* UI */,
				FFE38D731C9302070045F8D1 /* AppDelegate.swift */,
				FFE38D7F1C9302070045F8D1 /* Info.plist */,
			);
			path = TODO;
			sourceTree = "<group>";
		};
		FFE38D871C9302070045F8D1 /* TODOTests */ = {
			isa = PBXGroup;
			children = (
				FFE38D8A1C9302070045F8D1 /* Info.plist */,
				FFE38D881C9302070045F8D1 /* TODOTests.swift */,
			);
			path = TODOTests;
			sourceTree = "<group>";
		};
		FFE38D921C9302070045F8D1 /* TODOUITests */ = {
			isa = PBXGroup;
			children = (
				FFE38D951C9302070045F8D1 /* Info.plist */,
				FFE38D931C9302070045F8D1 /* TODOUITests.swift */,
			);
			path = TODOUITests;
			sourceTree = "<group>";
		};
		FFE38DA91C9307C00045F8D1 /* Application */ = {
			isa = PBXGroup;
			children = (
			);
			path = Application;
			sourceTree = "<group>";
		};
		FFE38DAA1C93089C0045F8D1 /* Domain */ = {
			isa = PBXGroup;
			children = (
				FFE38DAD1C930CBF0045F8D1 /* Entity */,
				FFA390861CA263C1000A0CA4 /* Repository */,
				FFE38DB21C9312300045F8D1 /* Aliases.swift */,
				FFE38DAB1C9308D70045F8D1 /* Common.swift */,
			);
			path = Domain;
			sourceTree = "<group>";
		};
		FFE38DAD1C930CBF0045F8D1 /* Entity */ = {
			isa = PBXGroup;
			children = (
				FFF860781C96DEEA00C16794 /* Issue.swift */,
				FFF860741C96D7FE00C16794 /* Label.swift */,
				FFF860761C96D9EF00C16794 /* Milestone.swift */,
			);
			path = Entity;
			sourceTree = "<group>";
		};
		FFE38DB41C9698D00045F8D1 /* UI */ = {
			isa = PBXGroup;
			children = (
				FFF8606E1C96C1FB00C16794 /* LaunchScreen */,
				FFE38DB51C9698E90045F8D1 /* Main */,
				FFA3906A1C9C252D000A0CA4 /* Shared */,
				FFE38D7A1C9302070045F8D1 /* Assets.xcassets */,
				FFF8606F1C96C21900C16794 /* BaseViewController.swift */,
				FF0DED9B1C9A4F0C00B8FE77 /* Router.swift */,
				FF0DED971C998B1200B8FE77 /* UIState.swift */,
				FFF8606C1C96BF1F00C16794 /* UIUtils.swift */,
			);
			path = UI;
			sourceTree = "<group>";
		};
		FFE38DB51C9698E90045F8D1 /* Main */ = {
			isa = PBXGroup;
			children = (
				FF33831D1C990BA600D73743 /* Issues */,
				FFA390601C9C1133000A0CA4 /* Labels */,
				FFA3905F1C9C111D000A0CA4 /* Milestones */,
				FFE38D771C9302070045F8D1 /* Main.storyboard */,
			);
			path = Main;
			sourceTree = "<group>";
		};
		FFF8606E1C96C1FB00C16794 /* LaunchScreen */ = {
			isa = PBXGroup;
			children = (
				FFE38D7C1C9302070045F8D1 /* LaunchScreen.storyboard */,
			);
			path = LaunchScreen;
			sourceTree = "<group>";
		};
/* End PBXGroup section */

/* Begin PBXNativeTarget section */
		FFE38D6F1C9302070045F8D1 /* TODO */ = {
			isa = PBXNativeTarget;
			buildConfigurationList = FFE38D981C9302070045F8D1 /* Build configuration list for PBXNativeTarget "TODO" */;
			buildPhases = (
				FFE38D6C1C9302070045F8D1 /* Sources */,
				FFE38D6D1C9302070045F8D1 /* Frameworks */,
				FFE38D6E1C9302070045F8D1 /* Resources */,
				FFE38DA11C9304250045F8D1 /* Run Script */,
			);
			buildRules = (
			);
			dependencies = (
			);
			name = TODO;
			productName = TODO;
			productReference = FFE38D701C9302070045F8D1 /* TODO.app */;
			productType = "com.apple.product-type.application";
		};
		FFE38D831C9302070045F8D1 /* TODOTests */ = {
			isa = PBXNativeTarget;
			buildConfigurationList = FFE38D9B1C9302070045F8D1 /* Build configuration list for PBXNativeTarget "TODOTests" */;
			buildPhases = (
				FFE38D801C9302070045F8D1 /* Sources */,
				FFE38D811C9302070045F8D1 /* Frameworks */,
				FFE38D821C9302070045F8D1 /* Resources */,
			);
			buildRules = (
			);
			dependencies = (
				FFE38D861C9302070045F8D1 /* PBXTargetDependency */,
			);
			name = TODOTests;
			productName = TODOTests;
			productReference = FFE38D841C9302070045F8D1 /* TODOTests.xctest */;
			productType = "com.apple.product-type.bundle.unit-test";
		};
		FFE38D8E1C9302070045F8D1 /* TODOUITests */ = {
			isa = PBXNativeTarget;
			buildConfigurationList = FFE38D9E1C9302070045F8D1 /* Build configuration list for PBXNativeTarget "TODOUITests" */;
			buildPhases = (
				FFE38D8B1C9302070045F8D1 /* Sources */,
				FFE38D8C1C9302070045F8D1 /* Frameworks */,
				FFE38D8D1C9302070045F8D1 /* Resources */,
			);
			buildRules = (
			);
			dependencies = (
				FFE38D911C9302070045F8D1 /* PBXTargetDependency */,
			);
			name = TODOUITests;
			productName = TODOUITests;
			productReference = FFE38D8F1C9302070045F8D1 /* TODOUITests.xctest */;
			productType = "com.apple.product-type.bundle.ui-testing";
		};
/* End PBXNativeTarget section */

/* Begin PBXProject section */
		FFE38D681C9302070045F8D1 /* Project object */ = {
			isa = PBXProject;
			attributes = {
				LastSwiftUpdateCheck = 0720;
				LastUpgradeCheck = 0720;
				ORGANIZATIONNAME = gomi_ningen;
				TargetAttributes = {
					FFE38D6F1C9302070045F8D1 = {
						CreatedOnToolsVersion = 7.2.1;
					};
					FFE38D831C9302070045F8D1 = {
						CreatedOnToolsVersion = 7.2.1;
						TestTargetID = FFE38D6F1C9302070045F8D1;
					};
					FFE38D8E1C9302070045F8D1 = {
						CreatedOnToolsVersion = 7.2.1;
						TestTargetID = FFE38D6F1C9302070045F8D1;
					};
				};
			};
			buildConfigurationList = FFE38D6B1C9302070045F8D1 /* Build configuration list for PBXProject "TODO" */;
			compatibilityVersion = "Xcode 3.2";
			developmentRegion = English;
			hasScannedForEncodings = 0;
			knownRegions = (
				en,
				Base,
			);
			mainGroup = FFE38D671C9302070045F8D1;
			productRefGroup = FFE38D711C9302070045F8D1 /* Products */;
			projectDirPath = "";
			projectRoot = "";
			targets = (
				FFE38D6F1C9302070045F8D1 /* TODO */,
				FFE38D831C9302070045F8D1 /* TODOTests */,
				FFE38D8E1C9302070045F8D1 /* TODOUITests */,
			);
		};
/* End PBXProject section */

/* Begin PBXResourcesBuildPhase section */
		FFE38D6E1C9302070045F8D1 /* Resources */ = {
			isa = PBXResourcesBuildPhase;
			buildActionMask = 2147483647;
			files = (
				FFE38D7E1C9302070045F8D1 /* LaunchScreen.storyboard in Resources */,
				FFF860851C97B95F00C16794 /* LabelCellView.xib in Resources */,
				FFE38D7B1C9302070045F8D1 /* Assets.xcassets in Resources */,
				FFE38D791C9302070045F8D1 /* Main.storyboard in Resources */,
				FFF8607E1C97B06300C16794 /* IssueCellView.xib in Resources */,
				FFA3906C1C9C254F000A0CA4 /* FooterCellView.xib in Resources */,
			);
			runOnlyForDeploymentPostprocessing = 0;
		};
		FFE38D821C9302070045F8D1 /* Resources */ = {
			isa = PBXResourcesBuildPhase;
			buildActionMask = 2147483647;
			files = (
			);
			runOnlyForDeploymentPostprocessing = 0;
		};
		FFE38D8D1C9302070045F8D1 /* Resources */ = {
			isa = PBXResourcesBuildPhase;
			buildActionMask = 2147483647;
			files = (
			);
			runOnlyForDeploymentPostprocessing = 0;
		};
/* End PBXResourcesBuildPhase section */

/* Begin PBXShellScriptBuildPhase section */
		FFE38DA11C9304250045F8D1 /* Run Script */ = {
			isa = PBXShellScriptBuildPhase;
			buildActionMask = 2147483647;
			files = (
			);
			inputPaths = (
				"$(SRCROOT)/Carthage/Build/iOS/RxSwift.framework",
				"$(SRCROOT)/Carthage/Build/iOS/RxCocoa.framework",
				"$(SRCROOT)/Carthage/Build/iOS/Realm.framework",
				"$(SRCROOT)/Carthage/Build/iOS/RealmSwift.framework",
			);
			name = "Run Script";
			outputPaths = (
			);
			runOnlyForDeploymentPostprocessing = 0;
			shellPath = /bin/sh;
			shellScript = "/usr/local/bin/carthage copy-frameworks\n";
		};
/* End PBXShellScriptBuildPhase section */

/* Begin PBXSourcesBuildPhase section */
		FFE38D6C1C9302070045F8D1 /* Sources */ = {
			isa = PBXSourcesBuildPhase;
			buildActionMask = 2147483647;
			files = (
				FF33831F1C990BB300D73743 /* IssuesViewController.swift in Sources */,
				FFA3908A1CA26505000A0CA4 /* LabelRepository.swift in Sources */,
				FFF860771C96D9EF00C16794 /* Milestone.swift in Sources */,
				FFE38DB31C9312300045F8D1 /* Aliases.swift in Sources */,
				FFA390631C9C1935000A0CA4 /* MilestonesViewController.swift in Sources */,
				FFE38D741C9302070045F8D1 /* AppDelegate.swift in Sources */,
				FFA390691C9C2527000A0CA4 /* FooterCellView.swift in Sources */,
				FFF8606D1C96BF1F00C16794 /* UIUtils.swift in Sources */,
				FF0DED981C998B1200B8FE77 /* UIState.swift in Sources */,
				FFA3907C1C9D1018000A0CA4 /* MilestoneObject.swift in Sources */,
				FF0DED9C1C9A4F0C00B8FE77 /* Router.swift in Sources */,
				FFA390671C9C1A73000A0CA4 /* IssuesViewModel.swift in Sources */,
				FFA3908C1CA26556000A0CA4 /* MilestoneRepository.swift in Sources */,
				FFA390781C9D0F73000A0CA4 /* RealmCommon.swift in Sources */,
				FFA3907A1C9D0FE0000A0CA4 /* LabelObject.swift in Sources */,
				FFF860791C96DEEA00C16794 /* Issue.swift in Sources */,
				FFA390651C9C1969000A0CA4 /* LabelsViewController.swift in Sources */,
				FFA390881CA263CE000A0CA4 /* IssueRepository.swift in Sources */,
				FFA390721C9D0DE5000A0CA4 /* IssueObject.swift in Sources */,
				FFF860841C97B95F00C16794 /* LabelCellView.swift in Sources */,
				FFF860801C97B68600C16794 /* IssueCellView.swift in Sources */,
				FFF860701C96C21900C16794 /* BaseViewController.swift in Sources */,
				FFF860751C96D7FE00C16794 /* Label.swift in Sources */,
				FFE38DAC1C9308D80045F8D1 /* Common.swift in Sources */,
			);
			runOnlyForDeploymentPostprocessing = 0;
		};
		FFE38D801C9302070045F8D1 /* Sources */ = {
			isa = PBXSourcesBuildPhase;
			buildActionMask = 2147483647;
			files = (
				FFE38D891C9302070045F8D1 /* TODOTests.swift in Sources */,
			);
			runOnlyForDeploymentPostprocessing = 0;
		};
		FFE38D8B1C9302070045F8D1 /* Sources */ = {
			isa = PBXSourcesBuildPhase;
			buildActionMask = 2147483647;
			files = (
				FFE38D941C9302070045F8D1 /* TODOUITests.swift in Sources */,
			);
			runOnlyForDeploymentPostprocessing = 0;
		};
/* End PBXSourcesBuildPhase section */

/* Begin PBXTargetDependency section */
		FFE38D861C9302070045F8D1 /* PBXTargetDependency */ = {
			isa = PBXTargetDependency;
			target = FFE38D6F1C9302070045F8D1 /* TODO */;
			targetProxy = FFE38D851C9302070045F8D1 /* PBXContainerItemProxy */;
		};
		FFE38D911C9302070045F8D1 /* PBXTargetDependency */ = {
			isa = PBXTargetDependency;
			target = FFE38D6F1C9302070045F8D1 /* TODO */;
			targetProxy = FFE38D901C9302070045F8D1 /* PBXContainerItemProxy */;
		};
/* End PBXTargetDependency section */

/* Begin PBXVariantGroup section */
		FFE38D771C9302070045F8D1 /* Main.storyboard */ = {
			isa = PBXVariantGroup;
			children = (
				FFE38D781C9302070045F8D1 /* Base */,
			);
			name = Main.storyboard;
			path = .;
			sourceTree = "<group>";
		};
		FFE38D7C1C9302070045F8D1 /* LaunchScreen.storyboard */ = {
			isa = PBXVariantGroup;
			children = (
				FFE38D7D1C9302070045F8D1 /* Base */,
			);
			name = LaunchScreen.storyboard;
			path = .;
			sourceTree = "<group>";
		};
/* End PBXVariantGroup section */

/* Begin XCBuildConfiguration section */
		FFE38D961C9302070045F8D1 /* Debug */ = {
			isa = XCBuildConfiguration;
			buildSettings = {
				ALWAYS_SEARCH_USER_PATHS = NO;
				CLANG_CXX_LANGUAGE_STANDARD = "gnu++0x";
				CLANG_CXX_LIBRARY = "libc++";
				CLANG_ENABLE_MODULES = YES;
				CLANG_ENABLE_OBJC_ARC = YES;
				CLANG_WARN_BOOL_CONVERSION = YES;
				CLANG_WARN_CONSTANT_CONVERSION = YES;
				CLANG_WARN_DIRECT_OBJC_ISA_USAGE = YES_ERROR;
				CLANG_WARN_EMPTY_BODY = YES;
				CLANG_WARN_ENUM_CONVERSION = YES;
				CLANG_WARN_INT_CONVERSION = YES;
				CLANG_WARN_OBJC_ROOT_CLASS = YES_ERROR;
				CLANG_WARN_UNREACHABLE_CODE = YES;
				CLANG_WARN__DUPLICATE_METHOD_MATCH = YES;
				"CODE_SIGN_IDENTITY[sdk=iphoneos*]" = "iPhone Developer";
				COPY_PHASE_STRIP = NO;
				DEBUG_INFORMATION_FORMAT = dwarf;
				ENABLE_STRICT_OBJC_MSGSEND = YES;
				ENABLE_TESTABILITY = YES;
				GCC_C_LANGUAGE_STANDARD = gnu99;
				GCC_DYNAMIC_NO_PIC = NO;
				GCC_NO_COMMON_BLOCKS = YES;
				GCC_OPTIMIZATION_LEVEL = 0;
				GCC_PREPROCESSOR_DEFINITIONS = (
					"DEBUG=1",
					"$(inherited)",
				);
				GCC_WARN_64_TO_32_BIT_CONVERSION = YES;
				GCC_WARN_ABOUT_RETURN_TYPE = YES_ERROR;
				GCC_WARN_UNDECLARED_SELECTOR = YES;
				GCC_WARN_UNINITIALIZED_AUTOS = YES_AGGRESSIVE;
				GCC_WARN_UNUSED_FUNCTION = YES;
				GCC_WARN_UNUSED_VARIABLE = YES;
				IPHONEOS_DEPLOYMENT_TARGET = 8.0;
				MTL_ENABLE_DEBUG_INFO = YES;
				ONLY_ACTIVE_ARCH = YES;
				SDKROOT = iphoneos;
				SWIFT_OPTIMIZATION_LEVEL = "-Onone";
				TARGETED_DEVICE_FAMILY = "1,2";
			};
			name = Debug;
		};
		FFE38D971C9302070045F8D1 /* Release */ = {
			isa = XCBuildConfiguration;
			buildSettings = {
				ALWAYS_SEARCH_USER_PATHS = NO;
				CLANG_CXX_LANGUAGE_STANDARD = "gnu++0x";
				CLANG_CXX_LIBRARY = "libc++";
				CLANG_ENABLE_MODULES = YES;
				CLANG_ENABLE_OBJC_ARC = YES;
				CLANG_WARN_BOOL_CONVERSION = YES;
				CLANG_WARN_CONSTANT_CONVERSION = YES;
				CLANG_WARN_DIRECT_OBJC_ISA_USAGE = YES_ERROR;
				CLANG_WARN_EMPTY_BODY = YES;
				CLANG_WARN_ENUM_CONVERSION = YES;
				CLANG_WARN_INT_CONVERSION = YES;
				CLANG_WARN_OBJC_ROOT_CLASS = YES_ERROR;
				CLANG_WARN_UNREACHABLE_CODE = YES;
				CLANG_WARN__DUPLICATE_METHOD_MATCH = YES;
				"CODE_SIGN_IDENTITY[sdk=iphoneos*]" = "iPhone Developer";
				COPY_PHASE_STRIP = NO;
				DEBUG_INFORMATION_FORMAT = "dwarf-with-dsym";
				ENABLE_NS_ASSERTIONS = NO;
				ENABLE_STRICT_OBJC_MSGSEND = YES;
				GCC_C_LANGUAGE_STANDARD = gnu99;
				GCC_NO_COMMON_BLOCKS = YES;
				GCC_WARN_64_TO_32_BIT_CONVERSION = YES;
				GCC_WARN_ABOUT_RETURN_TYPE = YES_ERROR;
				GCC_WARN_UNDECLARED_SELECTOR = YES;
				GCC_WARN_UNINITIALIZED_AUTOS = YES_AGGRESSIVE;
				GCC_WARN_UNUSED_FUNCTION = YES;
				GCC_WARN_UNUSED_VARIABLE = YES;
				IPHONEOS_DEPLOYMENT_TARGET = 8.0;
				MTL_ENABLE_DEBUG_INFO = NO;
				SDKROOT = iphoneos;
				TARGETED_DEVICE_FAMILY = "1,2";
				VALIDATE_PRODUCT = YES;
			};
			name = Release;
		};
		FFE38D991C9302070045F8D1 /* Debug */ = {
			isa = XCBuildConfiguration;
			buildSettings = {
				ASSETCATALOG_COMPILER_APPICON_NAME = AppIcon;
				CODE_SIGN_IDENTITY = "iPhone Developer";
				FRAMEWORK_SEARCH_PATHS = (
					"$(inherited)",
					"$(PROJECT_DIR)/Carthage/Build/iOS",
				);
				INFOPLIST_FILE = TODO/Info.plist;
				LD_RUNPATH_SEARCH_PATHS = "$(inherited) @executable_path/Frameworks";
				PRODUCT_BUNDLE_IDENTIFIER = com.github.gomi.TODO;
				PRODUCT_NAME = "$(TARGET_NAME)";
			};
			name = Debug;
		};
		FFE38D9A1C9302070045F8D1 /* Release */ = {
			isa = XCBuildConfiguration;
			buildSettings = {
				ASSETCATALOG_COMPILER_APPICON_NAME = AppIcon;
				CODE_SIGN_IDENTITY = "iPhone Developer";
				FRAMEWORK_SEARCH_PATHS = (
					"$(inherited)",
					"$(PROJECT_DIR)/Carthage/Build/iOS",
				);
				INFOPLIST_FILE = TODO/Info.plist;
				LD_RUNPATH_SEARCH_PATHS = "$(inherited) @executable_path/Frameworks";
				PRODUCT_BUNDLE_IDENTIFIER = com.github.gomi.TODO;
				PRODUCT_NAME = "$(TARGET_NAME)";
			};
			name = Release;
		};
		FFE38D9C1C9302070045F8D1 /* Debug */ = {
			isa = XCBuildConfiguration;
			buildSettings = {
				BUNDLE_LOADER = "$(TEST_HOST)";
				INFOPLIST_FILE = TODOTests/Info.plist;
				LD_RUNPATH_SEARCH_PATHS = "$(inherited) @executable_path/Frameworks @loader_path/Frameworks";
				PRODUCT_BUNDLE_IDENTIFIER = com.github.gomi.TODOTests;
				PRODUCT_NAME = "$(TARGET_NAME)";
				TEST_HOST = "$(BUILT_PRODUCTS_DIR)/TODO.app/TODO";
			};
			name = Debug;
		};
		FFE38D9D1C9302070045F8D1 /* Release */ = {
			isa = XCBuildConfiguration;
			buildSettings = {
				BUNDLE_LOADER = "$(TEST_HOST)";
				INFOPLIST_FILE = TODOTests/Info.plist;
				LD_RUNPATH_SEARCH_PATHS = "$(inherited) @executable_path/Frameworks @loader_path/Frameworks";
				PRODUCT_BUNDLE_IDENTIFIER = com.github.gomi.TODOTests;
				PRODUCT_NAME = "$(TARGET_NAME)";
				TEST_HOST = "$(BUILT_PRODUCTS_DIR)/TODO.app/TODO";
			};
			name = Release;
		};
		FFE38D9F1C9302070045F8D1 /* Debug */ = {
			isa = XCBuildConfiguration;
			buildSettings = {
				INFOPLIST_FILE = TODOUITests/Info.plist;
				LD_RUNPATH_SEARCH_PATHS = "$(inherited) @executable_path/Frameworks @loader_path/Frameworks";
				PRODUCT_BUNDLE_IDENTIFIER = com.github.gomi.TODOUITests;
				PRODUCT_NAME = "$(TARGET_NAME)";
				TEST_TARGET_NAME = TODO;
				USES_XCTRUNNER = YES;
			};
			name = Debug;
		};
		FFE38DA01C9302070045F8D1 /* Release */ = {
			isa = XCBuildConfiguration;
			buildSettings = {
				INFOPLIST_FILE = TODOUITests/Info.plist;
				LD_RUNPATH_SEARCH_PATHS = "$(inherited) @executable_path/Frameworks @loader_path/Frameworks";
				PRODUCT_BUNDLE_IDENTIFIER = com.github.gomi.TODOUITests;
				PRODUCT_NAME = "$(TARGET_NAME)";
				TEST_TARGET_NAME = TODO;
				USES_XCTRUNNER = YES;
			};
			name = Release;
		};
/* End XCBuildConfiguration section */

/* Begin XCConfigurationList section */
		FFE38D6B1C9302070045F8D1 /* Build configuration list for PBXProject "TODO" */ = {
			isa = XCConfigurationList;
			buildConfigurations = (
				FFE38D961C9302070045F8D1 /* Debug */,
				FFE38D971C9302070045F8D1 /* Release */,
			);
			defaultConfigurationIsVisible = 0;
			defaultConfigurationName = Release;
		};
		FFE38D981C9302070045F8D1 /* Build configuration list for PBXNativeTarget "TODO" */ = {
			isa = XCConfigurationList;
			buildConfigurations = (
				FFE38D991C9302070045F8D1 /* Debug */,
				FFE38D9A1C9302070045F8D1 /* Release */,
			);
			defaultConfigurationIsVisible = 0;
			defaultConfigurationName = Release;
		};
		FFE38D9B1C9302070045F8D1 /* Build configuration list for PBXNativeTarget "TODOTests" */ = {
			isa = XCConfigurationList;
			buildConfigurations = (
				FFE38D9C1C9302070045F8D1 /* Debug */,
				FFE38D9D1C9302070045F8D1 /* Release */,
			);
			defaultConfigurationIsVisible = 0;
			defaultConfigurationName = Release;
		};
		FFE38D9E1C9302070045F8D1 /* Build configuration list for PBXNativeTarget "TODOUITests" */ = {
			isa = XCConfigurationList;
			buildConfigurations = (
				FFE38D9F1C9302070045F8D1 /* Debug */,
				FFE38DA01C9302070045F8D1 /* Release */,
			);
			defaultConfigurationIsVisible = 0;
			defaultConfigurationName = Release;
		};
/* End XCConfigurationList section */
	};
	rootObject = FFE38D681C9302070045F8D1 /* Project object */;
}
